
Microsoft Visual Studio Solution File, Format Version 12.00
# Visual Studio 2013
VisualStudioVersion = 12.0.40629.0
MinimumVisualStudioVersion = 10.0.40219.1
Project("{FAE04EC0-301F-11D3-BF4B-00C04F79EFBC}") = "LinXiaoSong2019.Model", "LinXiaoSong2019\LinXiaoSong2019.Model.csproj", "{5654C6EB-7EEF-4823-80D5-62D1BC67C971}"
EndProject
Project("{FAE04EC0-301F-11D3-BF4B-00C04F79EFBC}") = "LinXiaoSong2019.ImportData", "LinXiaoSong2019.ImportData\LinXiaoSong2019.ImportData.csproj", "{0054B6FC-64BC-4D41-BA8D-33C82B777529}"
EndProject
Global
	GlobalSection(SolutionConfigurationPlatforms) = preSolution
		Debug|Any CPU = Debug|Any CPU
		Release|Any CPU = Release|Any CPU
	EndGlobalSection
	GlobalSection(ProjectConfigurationPlatforms) = postSolution
		{5654C6EB-7EEF-4823-80D5-62D1BC67C971}.Debug|Any CPU.ActiveCfg = Debug|Any CPU
		{5654C6EB-7EEF-4823-80D5-62D1BC67C971}.Debug|Any CPU.Build.0 = Debug|Any CPU
		{5654C6EB-7EEF-4823-80D5-62D1BC67C971}.Release|Any CPU.ActiveCfg = Release|Any CPU
		{5654C6EB-7EEF-4823-80D5-62D1BC67C971}.Release|Any CPU.Build.0 = Release|Any CPU
		{0054B6FC-64BC-4D41-BA8D-33C82B777529}.Debug|Any CPU.ActiveCfg = Debug|Any CPU
		{0054B6FC-64BC-4D41-BA8D-33C82B777529}.Debug|Any CPU.Build.0 = Debug|Any CPU
		{0054B6FC-64BC-4D41-BA8D-33C82B777529}.Release|Any CPU.ActiveCfg = Release|Any CPU
		{0054B6FC-64BC-4D41-BA8D-33C82B777529}.Release|Any CPU.Build.0 = Release|Any CPU
	EndGlobalSection
	GlobalSection(SolutionProperties) = preSolution
		HideSolutionNode = FALSE
	EndGlobalSection
EndGlobal
